github.com/madvikinggod/intexplore/api/direct v0.0.0-20230321154601-b7727aada258 h1:qfY8ug3lYZdeOfWvXT5V8WYahPZu0vCjSELiv/huPN8=
github.com/madvikinggod/intexplore/api/direct v0.0.0-20230321154601-b7727aada258/go.mod h1:n60Hi+eGejEtw8ZjPzhU1vZ5kXL91stExkfqBIpghMQ=
github.com/madvikinggod/intexplore/api/direct v0.0.0-20230321160114-8d6533840e7f h1:Um74hlCndan+/pM3oi09CnQQcQuKX1LZDqghMUDHqfQ=
github.com/madvikinggod/intexplore/api/direct v0.0.0-20230321160114-8d6533840e7f/go.mod h1:n60Hi+eGejEtw8ZjPzhU1vZ5kXL91stExkfqBIpghMQ=
github.com/madvikinggod/intexplore/api/direct v1.0.0 h1:7BjVuxt17zihhueZ+v78bJjynALc8y4YWsU3RmRQyEU=
github.com/madvikinggod/intexplore/api/direct v1.0.0/go.mod h1:n60Hi+eGejEtw8ZjPzhU1vZ5kXL91stExkfqBIpghMQ=
github.com/madvikinggod/intexplore/api/direct v1.1.0 h1:XpoLg49NwGDrxqs0oAl2uvsOO8utBHI4tmIWY521+wc=
github.com/madvikinggod/intexplore/api/direct v1.1.0/go.mod h1:n60Hi+eGejEtw8ZjPzhU1vZ5kXL91stExkfqBIpghMQ=
github.com/madvikinggod/intexplore/sdk/direct v0.0.0-20230321155440-0f7f1883aace h1:M8SvDTEU+2npZTGpGUTdw2m2sWB6pi0wWX2RL98+u1c=
github.com/madvikinggod/intexplore/sdk/direct v0.0.0-20230321155440-0f7f1883aace/go.mod h1:dmzDvmSuFbLqgd9iz4XwrqO8lFdppfpNh1Je7aBA2Bs=
github.com/madvikinggod/intexplore/sdk/direct v1.0.0 h1:rMxvC9RSw/f924+F6a0MRHRZTYoopwR1bi81+T2v08Y=
github.com/madvikinggod/intexplore/sdk/direct v1.0.0/go.mod h1:dmzDvmSuFbLqgd9iz4XwrqO8lFdppfpNh1Je7aBA2Bs=
github.com/madvikinggod/intexplore/sdk/direct v1.0.1 h1:gEjF8Rp2aXnyltsAHR1de/6rI/ey4n6fblSN0azcRoA=
github.com/madvikinggod/intexplore/sdk/direct v1.0.1/go.mod h1:1CospBkDbq0n8iyoqUFQwpJjfV+jU5hJhVOnTU2FjVw=
