github.com/madvikinggod/intexplore/api/abstract v0.0.0-20230321154243-2680f43e261c h1:d5V67zyQh20IGDwDHnbN9Zz1YqUOTsPgYGOctrQGLao=
github.com/madvikinggod/intexplore/api/abstract v0.0.0-20230321154243-2680f43e261c/go.mod h1:auOrIHN16hFSS4F8kskefPKPI1NwVgGPNjdF7KhnEO4=
github.com/madvikinggod/intexplore/api/abstract v0.0.0-20230321160751-c497f45a1ae8 h1:mOkIxah+oe/ZKQBe70PVC0wdd6SB/hZYAG+1XgthIaE=
github.com/madvikinggod/intexplore/api/abstract v0.0.0-20230321160751-c497f45a1ae8/go.mod h1:auOrIHN16hFSS4F8kskefPKPI1NwVgGPNjdF7KhnEO4=
github.com/madvikinggod/intexplore/api/abstract v1.0.0 h1:nGAYWfN7mh2rPZm5DAxV+TDMMqG6AaiJrpnUDTXzYG4=
github.com/madvikinggod/intexplore/api/abstract v1.0.0/go.mod h1:auOrIHN16hFSS4F8kskefPKPI1NwVgGPNjdF7KhnEO4=
github.com/madvikinggod/intexplore/api/abstract v1.1.0 h1:oTupVjebVzsThqdMO2beWddQd0EOj5teurvBpPne+oo=
github.com/madvikinggod/intexplore/api/abstract v1.1.0/go.mod h1:auOrIHN16hFSS4F8kskefPKPI1NwVgGPNjdF7KhnEO4=
github.com/madvikinggod/intexplore/sdk/abstract v0.0.0-20230321154601-b7727aada258 h1:I8VgTBJd+vvheNo1m40nd4TzcvXRw5MoxA+9RIEPXCA=
github.com/madvikinggod/intexplore/sdk/abstract v0.0.0-20230321154601-b7727aada258/go.mod h1:SN0exgCMV7djgygHnyBroZz8aiWtY6sW2wm+6y//t2I=
github.com/madvikinggod/intexplore/sdk/abstract v0.0.0-20230321160114-8d6533840e7f h1:JBRJy+0AH2FlDxayPGnDsUS7E0BFGOebx5/hAGkBFCs=
github.com/madvikinggod/intexplore/sdk/abstract v0.0.0-20230321160114-8d6533840e7f/go.mod h1:O4D4EEbb8FqDwzZdRGIT+/KZpDHa7Za2Srrr75cbq/c=
github.com/madvikinggod/intexplore/sdk/abstract v1.0.1 h1:bAWDgw9aZPpV3FHXPU/zmnCjOoFiG8clzcoYGQ1RFC0=
github.com/madvikinggod/intexplore/sdk/abstract v1.0.1/go.mod h1:ZuJyBXJCen110KZjAv1Uej7QoADbXyrn8JB5eFmoKss=
