github.com/madvikinggod/intexplore/api/side v0.0.0-20230321154601-b7727aada258 h1:/v90xzunAsT/5DE3a+2sVh6w3i0Bjf1p0Al77E/6kFM=
github.com/madvikinggod/intexplore/api/side v0.0.0-20230321154601-b7727aada258/go.mod h1:axbOjI42XghTGtjMgpktf681FAK+d27cAVtLbRuBjSA=
github.com/madvikinggod/intexplore/sdk/side v0.0.0-20230321155440-0f7f1883aace h1:jHK7+awTOBfj/nYGlrNcPoIpQloi/y794UC7MiFn3XM=
github.com/madvikinggod/intexplore/sdk/side v0.0.0-20230321155440-0f7f1883aace/go.mod h1:49MP/lGWrOSgVYBiIGgF9wsWq3IB2rAp0EHGSOdiR+0=
